// !$*UTF8*$!
{
	archiveVersion = 1;
	classes = {
	};
	objectVersion = 54;
	objects = {

/* Begin PBXBuildFile section */
		00E356F31AD99517003FC87E /* Paceholder_codeTests.m in Sources */ = {isa = PBXBuildFile; fileRef = 00E356F21AD99517003FC87E /* Paceholder_codeTests.m */; };
		13B07FBC1A68108700A75B9A /* AppDelegate.m in Sources */ = {isa = PBXBuildFile; fileRef = 13B07FB01A68108700A75B9A /* AppDelegate.m */; };
		13B07FBF1A68108700A75B9A /* Images.xcassets in Resources */ = {isa = PBXBuildFile; fileRef = 13B07FB51A68108700A75B9A /* Images.xcassets */; };
		13B07FC11A68108700A75B9A /* main.m in Sources */ = {isa = PBXBuildFile; fileRef = 13B07FB71A68108700A75B9A /* main.m */; };
		17335939A7804B9B98B116BE /* Zocial.ttf in Resources */ = {isa = PBXBuildFile; fileRef = E316518D2CF34EAD8296E5F2 /* Zocial.ttf */; };
		1778F062DEEF468185BA771E /* FontAwesome5_Brands.ttf in Resources */ = {isa = PBXBuildFile; fileRef = 0507900F57E34111AA2935B2 /* FontAwesome5_Brands.ttf */; };
		18F4CD3FFA6F45D58EF23714 /* SimpleLineIcons.ttf in Resources */ = {isa = PBXBuildFile; fileRef = 38D97A2714524291B5738D2C /* SimpleLineIcons.ttf */; };
		1C264D7ED7F4455B8F7A59D8 /* Cabin-Regular-Italic.ttf in Resources */ = {isa = PBXBuildFile; fileRef = D041651442164ECABE81FA6C /* Cabin-Regular-Italic.ttf */; };
		1C82B99168B241419789BD80 /* RobotoCondensed-Bold.ttf in Resources */ = {isa = PBXBuildFile; fileRef = 1202E043FFFB4BE0ADB5667A /* RobotoCondensed-Bold.ttf */; };
		1E12A170A8234B08B17B794F /* RobotoCondensed-BoldItalic.ttf in Resources */ = {isa = PBXBuildFile; fileRef = 3D24087869DA448C811FF02E /* RobotoCondensed-BoldItalic.ttf */; };
		2ADA9D53A73267B392E95DD1 /* libPods-Paceholder_code.a in Frameworks */ = {isa = PBXBuildFile; fileRef = F53A89B46AAD6441AFDB1253 /* libPods-Paceholder_code.a */; };
		3EA7AC7CDA2E4750888DF518 /* Entypo.ttf in Resources */ = {isa = PBXBuildFile; fileRef = 033681185257415D80EDF0E2 /* Entypo.ttf */; };
		489A9A0EFEAD4AED9AB8940F /* Foundation.ttf in Resources */ = {isa = PBXBuildFile; fileRef = B0D5A0CC1D1A4A41B7ED592F /* Foundation.ttf */; };
		5C7C04A4923A4E099696631F /* FontAwesome5_Solid.ttf in Resources */ = {isa = PBXBuildFile; fileRef = 4065B6DF7EA14B2DBC417CC6 /* FontAwesome5_Solid.ttf */; };
		7B9FB41010BA465E93BB8C15 /* FontAwesome5_Regular.ttf in Resources */ = {isa = PBXBuildFile; fileRef = B04DDAC0D851434C9D4EF0FF /* FontAwesome5_Regular.ttf */; };
		800A9474806346C097ECB2DF /* Feather.ttf in Resources */ = {isa = PBXBuildFile; fileRef = 90F763596D5F4891A5F9DF28 /* Feather.ttf */; };
		80DEBEC98E984C81984F2141 /* MaterialCommunityIcons.ttf in Resources */ = {isa = PBXBuildFile; fileRef = 15D38E1EB8144F38A8622AD0 /* MaterialCommunityIcons.ttf */; };
		81AB9BB82411601600AC10FF /* LaunchScreen.storyboard in Resources */ = {isa = PBXBuildFile; fileRef = 81AB9BB72411601600AC10FF /* LaunchScreen.storyboard */; };
		82F287A1D7344DDBAA249AD6 /* Fontisto.ttf in Resources */ = {isa = PBXBuildFile; fileRef = EA52122903284BAA989647C5 /* Fontisto.ttf */; };
		86FB10B040F8447ABDDCE926 /* RobotoCondensed-Light.ttf in Resources */ = {isa = PBXBuildFile; fileRef = 7419B1B9011E4B7881C4BC0F /* RobotoCondensed-Light.ttf */; };
		888421047C714FA1ABFF291F /* MaterialIcons.ttf in Resources */ = {isa = PBXBuildFile; fileRef = DD7CC124A1EC44F690D96592 /* MaterialIcons.ttf */; };
		89DC0B463E834C3DA8E455C3 /* FontAwesome.ttf in Resources */ = {isa = PBXBuildFile; fileRef = 470908C859D94AADA6F1E206 /* FontAwesome.ttf */; };
		A0D7FD3DAC904481BCB7CB7D /* RobotoCondensed-Italic.ttf in Resources */ = {isa = PBXBuildFile; fileRef = BE38169A22AD45EAB2F582EB /* RobotoCondensed-Italic.ttf */; };
		A61145438B3B4B8EA93ABCEE /* Ionicons.ttf in Resources */ = {isa = PBXBuildFile; fileRef = 91AEC29719824E39B31D1BE2 /* Ionicons.ttf */; };
		BA5687522EB74A1F95EA3833 /* AntDesign.ttf in Resources */ = {isa = PBXBuildFile; fileRef = 50BECA79FFFE48CA8BA92765 /* AntDesign.ttf */; };
		C9687FBAFB494960B23CCE7E /* Cabin-Regular.ttf in Resources */ = {isa = PBXBuildFile; fileRef = 78C2387A9DAA4E76A6230064 /* Cabin-Regular.ttf */; };
		CB28CE0727EBB24F005031D7 /* Cabin-Medium.ttf in Resources */ = {isa = PBXBuildFile; fileRef = CB28CE0627EBB24F005031D7 /* Cabin-Medium.ttf */; };
		D2D7880298584D1EB5416853 /* RobotoCondensed-LightItalic.ttf in Resources */ = {isa = PBXBuildFile; fileRef = C0EC4552BCBE4177BCD5F529 /* RobotoCondensed-LightItalic.ttf */; };
		DD6927EC4A8C455F84530E28 /* Octicons.ttf in Resources */ = {isa = PBXBuildFile; fileRef = E3392371C99249C2AEE40157 /* Octicons.ttf */; };
		E1E699AF250648D1AEBE7C20 /* EvilIcons.ttf in Resources */ = {isa = PBXBuildFile; fileRef = C875C2849243488BAC87202B /* EvilIcons.ttf */; };
		E3510E11A81048A8A03E6CDE /* RobotoCondensed-Regular.ttf in Resources */ = {isa = PBXBuildFile; fileRef = 3014514453304D98B8E67222 /* RobotoCondensed-Regular.ttf */; };
		E54CC71E27F3D2B100063CBE /* Assets.xcassets in Resources */ = {isa = PBXBuildFile; fileRef = E54CC71D27F3D2B100063CBE /* Assets.xcassets */; };
		E54CC72027F3D42400063CBE /* GoogleService-Info.plist in Resources */ = {isa = PBXBuildFile; fileRef = E54CC71F27F3D42400063CBE /* GoogleService-Info.plist */; };
		F5F2C964AC0A55D1564CEC6E /* libPods-Paceholder_code-Paceholder_codeTests.a in Frameworks */ = {isa = PBXBuildFile; fileRef = 719AF175DC8983582B5CA2E6 /* libPods-Paceholder_code-Paceholder_codeTests.a */; };
/* End PBXBuildFile section */

/* Begin PBXContainerItemProxy section */
		00E356F41AD99517003FC87E /* PBXContainerItemProxy */ = {
			isa = PBXContainerItemProxy;
			containerPortal = 83CBB9F71A601CBA00E9B192 /* Project object */;
			proxyType = 1;
			remoteGlobalIDString = 13B07F861A680F5B00A75B9A;
			remoteInfo = Paceholder_code;
		};
/* End PBXContainerItemProxy section */

/* Begin PBXFileReference section */
		00E356EE1AD99517003FC87E /* Paceholder_codeTests.xctest */ = {isa = PBXFileReference; explicitFileType = wrapper.cfbundle; includeInIndex = 0; path = Paceholder_codeTests.xctest; sourceTree = BUILT_PRODUCTS_DIR; };
		00E356F11AD99517003FC87E /* Info.plist */ = {isa = PBXFileReference; lastKnownFileType = text.plist.xml; path = Info.plist; sourceTree = "<group>"; };
		00E356F21AD99517003FC87E /* Paceholder_codeTests.m */ = {isa = PBXFileReference; lastKnownFileType = sourcecode.c.objc; path = Paceholder_codeTests.m; sourceTree = "<group>"; };
		033681185257415D80EDF0E2 /* Entypo.ttf */ = {isa = PBXFileReference; explicitFileType = undefined; fileEncoding = 9; includeInIndex = 0; lastKnownFileType = unknown; name = Entypo.ttf; path = "../node_modules/react-native-vector-icons/Fonts/Entypo.ttf"; sourceTree = "<group>"; };
		0507900F57E34111AA2935B2 /* FontAwesome5_Brands.ttf */ = {isa = PBXFileReference; explicitFileType = undefined; fileEncoding = 9; includeInIndex = 0; lastKnownFileType = unknown; name = FontAwesome5_Brands.ttf; path = "../node_modules/react-native-vector-icons/Fonts/FontAwesome5_Brands.ttf"; sourceTree = "<group>"; };
		1202E043FFFB4BE0ADB5667A /* RobotoCondensed-Bold.ttf */ = {isa = PBXFileReference; explicitFileType = undefined; fileEncoding = 9; includeInIndex = 0; lastKnownFileType = unknown; name = "RobotoCondensed-Bold.ttf"; path = "../assets/fonts/RobotoCondensed-Bold.ttf"; sourceTree = "<group>"; };
		13B07F961A680F5B00A75B9A /* Paceholder_code.app */ = {isa = PBXFileReference; explicitFileType = wrapper.application; includeInIndex = 0; path = Paceholder_code.app; sourceTree = BUILT_PRODUCTS_DIR; };
		13B07FAF1A68108700A75B9A /* AppDelegate.h */ = {isa = PBXFileReference; fileEncoding = 4; lastKnownFileType = sourcecode.c.h; name = AppDelegate.h; path = Paceholder_code/AppDelegate.h; sourceTree = "<group>"; };
		13B07FB01A68108700A75B9A /* AppDelegate.m */ = {isa = PBXFileReference; fileEncoding = 4; lastKnownFileType = sourcecode.c.objc; name = AppDelegate.m; path = Paceholder_code/AppDelegate.m; sourceTree = "<group>"; };
		13B07FB51A68108700A75B9A /* Images.xcassets */ = {isa = PBXFileReference; lastKnownFileType = folder.assetcatalog; name = Images.xcassets; path = Paceholder_code/Images.xcassets; sourceTree = "<group>"; };
		13B07FB61A68108700A75B9A /* Info.plist */ = {isa = PBXFileReference; fileEncoding = 4; lastKnownFileType = text.plist.xml; name = Info.plist; path = Paceholder_code/Info.plist; sourceTree = "<group>"; };
		13B07FB71A68108700A75B9A /* main.m */ = {isa = PBXFileReference; fileEncoding = 4; lastKnownFileType = sourcecode.c.objc; name = main.m; path = Paceholder_code/main.m; sourceTree = "<group>"; };
		15D38E1EB8144F38A8622AD0 /* MaterialCommunityIcons.ttf */ = {isa = PBXFileReference; explicitFileType = undefined; fileEncoding = 9; includeInIndex = 0; lastKnownFileType = unknown; name = MaterialCommunityIcons.ttf; path = "../node_modules/react-native-vector-icons/Fonts/MaterialCommunityIcons.ttf"; sourceTree = "<group>"; };
		18AFCADD51E95EE2DAD85EA4 /* Pods-Paceholder_code-Paceholder_codeTests.release.xcconfig */ = {isa = PBXFileReference; includeInIndex = 1; lastKnownFileType = text.xcconfig; name = "Pods-Paceholder_code-Paceholder_codeTests.release.xcconfig"; path = "Target Support Files/Pods-Paceholder_code-Paceholder_codeTests/Pods-Paceholder_code-Paceholder_codeTests.release.xcconfig"; sourceTree = "<group>"; };
		3014514453304D98B8E67222 /* RobotoCondensed-Regular.ttf */ = {isa = PBXFileReference; explicitFileType = undefined; fileEncoding = 9; includeInIndex = 0; lastKnownFileType = unknown; name = "RobotoCondensed-Regular.ttf"; path = "../assets/fonts/RobotoCondensed-Regular.ttf"; sourceTree = "<group>"; };
		38D97A2714524291B5738D2C /* SimpleLineIcons.ttf */ = {isa = PBXFileReference; explicitFileType = undefined; fileEncoding = 9; includeInIndex = 0; lastKnownFileType = unknown; name = SimpleLineIcons.ttf; path = "../node_modules/react-native-vector-icons/Fonts/SimpleLineIcons.ttf"; sourceTree = "<group>"; };
		3ACBE557AF6900082CA35347 /* Pods-Paceholder_code-Paceholder_codeTests.debug.xcconfig */ = {isa = PBXFileReference; includeInIndex = 1; lastKnownFileType = text.xcconfig; name = "Pods-Paceholder_code-Paceholder_codeTests.debug.xcconfig"; path = "Target Support Files/Pods-Paceholder_code-Paceholder_codeTests/Pods-Paceholder_code-Paceholder_codeTests.debug.xcconfig"; sourceTree = "<group>"; };
		3D24087869DA448C811FF02E /* RobotoCondensed-BoldItalic.ttf */ = {isa = PBXFileReference; explicitFileType = undefined; fileEncoding = 9; includeInIndex = 0; lastKnownFileType = unknown; name = "RobotoCondensed-BoldItalic.ttf"; path = "../assets/fonts/RobotoCondensed-BoldItalic.ttf"; sourceTree = "<group>"; };
		4065B6DF7EA14B2DBC417CC6 /* FontAwesome5_Solid.ttf */ = {isa = PBXFileReference; explicitFileType = undefined; fileEncoding = 9; includeInIndex = 0; lastKnownFileType = unknown; name = FontAwesome5_Solid.ttf; path = "../node_modules/react-native-vector-icons/Fonts/FontAwesome5_Solid.ttf"; sourceTree = "<group>"; };
		470908C859D94AADA6F1E206 /* FontAwesome.ttf */ = {isa = PBXFileReference; explicitFileType = undefined; fileEncoding = 9; includeInIndex = 0; lastKnownFileType = unknown; name = FontAwesome.ttf; path = "../node_modules/react-native-vector-icons/Fonts/FontAwesome.ttf"; sourceTree = "<group>"; };
		50BECA79FFFE48CA8BA92765 /* AntDesign.ttf */ = {isa = PBXFileReference; explicitFileType = undefined; fileEncoding = 9; includeInIndex = 0; lastKnownFileType = unknown; name = AntDesign.ttf; path = "../node_modules/react-native-vector-icons/Fonts/AntDesign.ttf"; sourceTree = "<group>"; };
		719AF175DC8983582B5CA2E6 /* libPods-Paceholder_code-Paceholder_codeTests.a */ = {isa = PBXFileReference; explicitFileType = archive.ar; includeInIndex = 0; path = "libPods-Paceholder_code-Paceholder_codeTests.a"; sourceTree = BUILT_PRODUCTS_DIR; };
		7419B1B9011E4B7881C4BC0F /* RobotoCondensed-Light.ttf */ = {isa = PBXFileReference; explicitFileType = undefined; fileEncoding = 9; includeInIndex = 0; lastKnownFileType = unknown; name = "RobotoCondensed-Light.ttf"; path = "../assets/fonts/RobotoCondensed-Light.ttf"; sourceTree = "<group>"; };
		78C2387A9DAA4E76A6230064 /* Cabin-Regular.ttf */ = {isa = PBXFileReference; explicitFileType = undefined; fileEncoding = 9; includeInIndex = 0; lastKnownFileType = unknown; name = "Cabin-Regular.ttf"; path = "../assets/fonts/Cabin-Regular.ttf"; sourceTree = "<group>"; };
		81AB9BB72411601600AC10FF /* LaunchScreen.storyboard */ = {isa = PBXFileReference; fileEncoding = 4; lastKnownFileType = file.storyboard; name = LaunchScreen.storyboard; path = Paceholder_code/LaunchScreen.storyboard; sourceTree = "<group>"; };
		90F763596D5F4891A5F9DF28 /* Feather.ttf */ = {isa = PBXFileReference; explicitFileType = undefined; fileEncoding = 9; includeInIndex = 0; lastKnownFileType = unknown; name = Feather.ttf; path = "../node_modules/react-native-vector-icons/Fonts/Feather.ttf"; sourceTree = "<group>"; };
		91AEC29719824E39B31D1BE2 /* Ionicons.ttf */ = {isa = PBXFileReference; explicitFileType = undefined; fileEncoding = 9; includeInIndex = 0; lastKnownFileType = unknown; name = Ionicons.ttf; path = "../node_modules/react-native-vector-icons/Fonts/Ionicons.ttf"; sourceTree = "<group>"; };
		9BD5D95EE65E3EDC9254F438 /* Pods-Paceholder_code.release.xcconfig */ = {isa = PBXFileReference; includeInIndex = 1; lastKnownFileType = text.xcconfig; name = "Pods-Paceholder_code.release.xcconfig"; path = "Target Support Files/Pods-Paceholder_code/Pods-Paceholder_code.release.xcconfig"; sourceTree = "<group>"; };
		B04DDAC0D851434C9D4EF0FF /* FontAwesome5_Regular.ttf */ = {isa = PBXFileReference; explicitFileType = undefined; fileEncoding = 9; includeInIndex = 0; lastKnownFileType = unknown; name = FontAwesome5_Regular.ttf; path = "../node_modules/react-native-vector-icons/Fonts/FontAwesome5_Regular.ttf"; sourceTree = "<group>"; };
		B0D5A0CC1D1A4A41B7ED592F /* Foundation.ttf */ = {isa = PBXFileReference; explicitFileType = undefined; fileEncoding = 9; includeInIndex = 0; lastKnownFileType = unknown; name = Foundation.ttf; path = "../node_modules/react-native-vector-icons/Fonts/Foundation.ttf"; sourceTree = "<group>"; };
		BE38169A22AD45EAB2F582EB /* RobotoCondensed-Italic.ttf */ = {isa = PBXFileReference; explicitFileType = undefined; fileEncoding = 9; includeInIndex = 0; lastKnownFileType = unknown; name = "RobotoCondensed-Italic.ttf"; path = "../assets/fonts/RobotoCondensed-Italic.ttf"; sourceTree = "<group>"; };
		C0EC4552BCBE4177BCD5F529 /* RobotoCondensed-LightItalic.ttf */ = {isa = PBXFileReference; explicitFileType = undefined; fileEncoding = 9; includeInIndex = 0; lastKnownFileType = unknown; name = "RobotoCondensed-LightItalic.ttf"; path = "../assets/fonts/RobotoCondensed-LightItalic.ttf"; sourceTree = "<group>"; };
		C875C2849243488BAC87202B /* EvilIcons.ttf */ = {isa = PBXFileReference; explicitFileType = undefined; fileEncoding = 9; includeInIndex = 0; lastKnownFileType = unknown; name = EvilIcons.ttf; path = "../node_modules/react-native-vector-icons/Fonts/EvilIcons.ttf"; sourceTree = "<group>"; };
		CB28CE0627EBB24F005031D7 /* Cabin-Medium.ttf */ = {isa = PBXFileReference; lastKnownFileType = file; name = "Cabin-Medium.ttf"; path = "../Assets/Fonts/Cabin-Medium.ttf"; sourceTree = "<group>"; };
		CBAAD6146062968598679FA8 /* Pods-Paceholder_code.debug.xcconfig */ = {isa = PBXFileReference; includeInIndex = 1; lastKnownFileType = text.xcconfig; name = "Pods-Paceholder_code.debug.xcconfig"; path = "Target Support Files/Pods-Paceholder_code/Pods-Paceholder_code.debug.xcconfig"; sourceTree = "<group>"; };
		D041651442164ECABE81FA6C /* Cabin-Regular-Italic.ttf */ = {isa = PBXFileReference; explicitFileType = undefined; fileEncoding = 9; includeInIndex = 0; lastKnownFileType = unknown; name = "Cabin-Regular-Italic.ttf"; path = "../assets/fonts/Cabin-Regular-Italic.ttf"; sourceTree = "<group>"; };
		DD7CC124A1EC44F690D96592 /* MaterialIcons.ttf */ = {isa = PBXFileReference; explicitFileType = undefined; fileEncoding = 9; includeInIndex = 0; lastKnownFileType = unknown; name = MaterialIcons.ttf; path = "../node_modules/react-native-vector-icons/Fonts/MaterialIcons.ttf"; sourceTree = "<group>"; };
		E316518D2CF34EAD8296E5F2 /* Zocial.ttf */ = {isa = PBXFileReference; explicitFileType = undefined; fileEncoding = 9; includeInIndex = 0; lastKnownFileType = unknown; name = Zocial.ttf; path = "../node_modules/react-native-vector-icons/Fonts/Zocial.ttf"; sourceTree = "<group>"; };
		E3392371C99249C2AEE40157 /* Octicons.ttf */ = {isa = PBXFileReference; explicitFileType = undefined; fileEncoding = 9; includeInIndex = 0; lastKnownFileType = unknown; name = Octicons.ttf; path = "../node_modules/react-native-vector-icons/Fonts/Octicons.ttf"; sourceTree = "<group>"; };
		E519CDE627EB7C7A00302D15 /* Paceholder_code-Bridging-Header.h */ = {isa = PBXFileReference; lastKnownFileType = sourcecode.c.h; path = "Paceholder_code-Bridging-Header.h"; sourceTree = "<group>"; };
		E54CC71D27F3D2B100063CBE /* Assets.xcassets */ = {isa = PBXFileReference; lastKnownFileType = folder.assetcatalog; name = Assets.xcassets; path = ../../../../Downloads/AppIcons/Assets.xcassets; sourceTree = "<group>"; };
		E54CC71F27F3D42400063CBE /* GoogleService-Info.plist */ = {isa = PBXFileReference; fileEncoding = 4; lastKnownFileType = text.plist.xml; name = "GoogleService-Info.plist"; path = "../../../../Downloads/GoogleService-Info.plist"; sourceTree = "<group>"; };
		EA52122903284BAA989647C5 /* Fontisto.ttf */ = {isa = PBXFileReference; explicitFileType = undefined; fileEncoding = 9; includeInIndex = 0; lastKnownFileType = unknown; name = Fontisto.ttf; path = "../node_modules/react-native-vector-icons/Fonts/Fontisto.ttf"; sourceTree = "<group>"; };
		ED297162215061F000B7C4FE /* JavaScriptCore.framework */ = {isa = PBXFileReference; lastKnownFileType = wrapper.framework; name = JavaScriptCore.framework; path = System/Library/Frameworks/JavaScriptCore.framework; sourceTree = SDKROOT; };
		F53A89B46AAD6441AFDB1253 /* libPods-Paceholder_code.a */ = {isa = PBXFileReference; explicitFileType = archive.ar; includeInIndex = 0; path = "libPods-Paceholder_code.a"; sourceTree = BUILT_PRODUCTS_DIR; };
/* End PBXFileReference section */

/* Begin PBXFrameworksBuildPhase section */
		00E356EB1AD99517003FC87E /* Frameworks */ = {
			isa = PBXFrameworksBuildPhase;
			buildActionMask = 2147483647;
			files = (
				F5F2C964AC0A55D1564CEC6E /* libPods-Paceholder_code-Paceholder_codeTests.a in Frameworks */,
			);
			runOnlyForDeploymentPostprocessing = 0;
		};
		13B07F8C1A680F5B00A75B9A /* Frameworks */ = {
			isa = PBXFrameworksBuildPhase;
			buildActionMask = 2147483647;
			files = (
				2ADA9D53A73267B392E95DD1 /* libPods-Paceholder_code.a in Frameworks */,
			);
			runOnlyForDeploymentPostprocessing = 0;
		};
/* End PBXFrameworksBuildPhase section */

/* Begin PBXGroup section */
		00E356EF1AD99517003FC87E /* Paceholder_codeTests */ = {
			isa = PBXGroup;
			children = (
				00E356F21AD99517003FC87E /* Paceholder_codeTests.m */,
				00E356F01AD99517003FC87E /* Supporting Files */,
			);
			path = Paceholder_codeTests;
			sourceTree = "<group>";
		};
		00E356F01AD99517003FC87E /* Supporting Files */ = {
			isa = PBXGroup;
			children = (
				00E356F11AD99517003FC87E /* Info.plist */,
			);
			name = "Supporting Files";
			sourceTree = "<group>";
		};
		13B07FAE1A68108700A75B9A /* Paceholder_code */ = {
			isa = PBXGroup;
			children = (
				E54CC71D27F3D2B100063CBE /* Assets.xcassets */,
				13B07FAF1A68108700A75B9A /* AppDelegate.h */,
				13B07FB01A68108700A75B9A /* AppDelegate.m */,
				13B07FB51A68108700A75B9A /* Images.xcassets */,
				13B07FB61A68108700A75B9A /* Info.plist */,
				81AB9BB72411601600AC10FF /* LaunchScreen.storyboard */,
				13B07FB71A68108700A75B9A /* main.m */,
				E519CDE627EB7C7A00302D15 /* Paceholder_code-Bridging-Header.h */,
			);
			name = Paceholder_code;
			sourceTree = "<group>";
		};
		2D16E6871FA4F8E400B85C8A /* Frameworks */ = {
			isa = PBXGroup;
			children = (
				ED297162215061F000B7C4FE /* JavaScriptCore.framework */,
				F53A89B46AAD6441AFDB1253 /* libPods-Paceholder_code.a */,
				719AF175DC8983582B5CA2E6 /* libPods-Paceholder_code-Paceholder_codeTests.a */,
			);
			name = Frameworks;
			sourceTree = "<group>";
		};
		72996CEF84C449EEAF656EDD /* Resources */ = {
			isa = PBXGroup;
			children = (
				1202E043FFFB4BE0ADB5667A /* RobotoCondensed-Bold.ttf */,
				3D24087869DA448C811FF02E /* RobotoCondensed-BoldItalic.ttf */,
				BE38169A22AD45EAB2F582EB /* RobotoCondensed-Italic.ttf */,
				7419B1B9011E4B7881C4BC0F /* RobotoCondensed-Light.ttf */,
				C0EC4552BCBE4177BCD5F529 /* RobotoCondensed-LightItalic.ttf */,
				3014514453304D98B8E67222 /* RobotoCondensed-Regular.ttf */,
				50BECA79FFFE48CA8BA92765 /* AntDesign.ttf */,
				033681185257415D80EDF0E2 /* Entypo.ttf */,
				C875C2849243488BAC87202B /* EvilIcons.ttf */,
				90F763596D5F4891A5F9DF28 /* Feather.ttf */,
				470908C859D94AADA6F1E206 /* FontAwesome.ttf */,
				0507900F57E34111AA2935B2 /* FontAwesome5_Brands.ttf */,
				B04DDAC0D851434C9D4EF0FF /* FontAwesome5_Regular.ttf */,
				4065B6DF7EA14B2DBC417CC6 /* FontAwesome5_Solid.ttf */,
				EA52122903284BAA989647C5 /* Fontisto.ttf */,
				B0D5A0CC1D1A4A41B7ED592F /* Foundation.ttf */,
				91AEC29719824E39B31D1BE2 /* Ionicons.ttf */,
				15D38E1EB8144F38A8622AD0 /* MaterialCommunityIcons.ttf */,
				DD7CC124A1EC44F690D96592 /* MaterialIcons.ttf */,
				E3392371C99249C2AEE40157 /* Octicons.ttf */,
				38D97A2714524291B5738D2C /* SimpleLineIcons.ttf */,
				E316518D2CF34EAD8296E5F2 /* Zocial.ttf */,
				D041651442164ECABE81FA6C /* Cabin-Regular-Italic.ttf */,
				78C2387A9DAA4E76A6230064 /* Cabin-Regular.ttf */,
				CB28CE0627EBB24F005031D7 /* Cabin-Medium.ttf */,
			);
			name = Resources;
			sourceTree = "<group>";
		};
		832341AE1AAA6A7D00B99B32 /* Libraries */ = {
			isa = PBXGroup;
			children = (
			);
			name = Libraries;
			sourceTree = "<group>";
		};
		83CBB9F61A601CBA00E9B192 = {
			isa = PBXGroup;
			children = (
				E54CC71F27F3D42400063CBE /* GoogleService-Info.plist */,
				13B07FAE1A68108700A75B9A /* Paceholder_code */,
				832341AE1AAA6A7D00B99B32 /* Libraries */,
				00E356EF1AD99517003FC87E /* Paceholder_codeTests */,
				83CBBA001A601CBA00E9B192 /* Products */,
				2D16E6871FA4F8E400B85C8A /* Frameworks */,
				DEB7699418B0C96A2ACBD2C7 /* Pods */,
				72996CEF84C449EEAF656EDD /* Resources */,
			);
			indentWidth = 2;
			sourceTree = "<group>";
			tabWidth = 2;
			usesTabs = 0;
		};
		83CBBA001A601CBA00E9B192 /* Products */ = {
			isa = PBXGroup;
			children = (
				13B07F961A680F5B00A75B9A /* Paceholder_code.app */,
				00E356EE1AD99517003FC87E /* Paceholder_codeTests.xctest */,
			);
			name = Products;
			sourceTree = "<group>";
		};
		DEB7699418B0C96A2ACBD2C7 /* Pods */ = {
			isa = PBXGroup;
			children = (
				CBAAD6146062968598679FA8 /* Pods-Paceholder_code.debug.xcconfig */,
				9BD5D95EE65E3EDC9254F438 /* Pods-Paceholder_code.release.xcconfig */,
				3ACBE557AF6900082CA35347 /* Pods-Paceholder_code-Paceholder_codeTests.debug.xcconfig */,
				18AFCADD51E95EE2DAD85EA4 /* Pods-Paceholder_code-Paceholder_codeTests.release.xcconfig */,
			);
			path = Pods;
			sourceTree = "<group>";
		};
/* End PBXGroup section */

/* Begin PBXNativeTarget section */
		00E356ED1AD99517003FC87E /* Paceholder_codeTests */ = {
			isa = PBXNativeTarget;
			buildConfigurationList = 00E357021AD99517003FC87E /* Build configuration list for PBXNativeTarget "Paceholder_codeTests" */;
			buildPhases = (
				0C7C1312B57E1CB4D282E6D3 /* [CP] Check Pods Manifest.lock */,
				00E356EA1AD99517003FC87E /* Sources */,
				00E356EB1AD99517003FC87E /* Frameworks */,
				00E356EC1AD99517003FC87E /* Resources */,
				3FB3595444FF03A78480BE2E /* [CP] Embed Pods Frameworks */,
				1437F36761B00E25E5E3EF49 /* [CP] Copy Pods Resources */,
			);
			buildRules = (
			);
			dependencies = (
				00E356F51AD99517003FC87E /* PBXTargetDependency */,
			);
			name = Paceholder_codeTests;
			productName = Paceholder_codeTests;
			productReference = 00E356EE1AD99517003FC87E /* Paceholder_codeTests.xctest */;
			productType = "com.apple.product-type.bundle.unit-test";
		};
		13B07F861A680F5B00A75B9A /* Paceholder_code */ = {
			isa = PBXNativeTarget;
			buildConfigurationList = 13B07F931A680F5B00A75B9A /* Build configuration list for PBXNativeTarget "Paceholder_code" */;
			buildPhases = (
				9A032489B45FCFB0FF82C721 /* [CP] Check Pods Manifest.lock */,
				FD10A7F022414F080027D42C /* Start Packager */,
				13B07F871A680F5B00A75B9A /* Sources */,
				13B07F8C1A680F5B00A75B9A /* Frameworks */,
				13B07F8E1A680F5B00A75B9A /* Resources */,
				00DD1BFF1BD5951E006B06BC /* Bundle React Native code and images */,
				E1BF28EC8A30D20929AD1E79 /* [CP] Embed Pods Frameworks */,
				4418B1C6B2B9581E7F04E728 /* [CP] Copy Pods Resources */,
				31CD7EB5DA662D24B6891274 /* [CP-User] [RNFB] Core Configuration */,
			);
			buildRules = (
			);
			dependencies = (
			);
			name = Paceholder_code;
			productName = Paceholder_code;
			productReference = 13B07F961A680F5B00A75B9A /* Paceholder_code.app */;
			productType = "com.apple.product-type.application";
		};
/* End PBXNativeTarget section */

/* Begin PBXProject section */
		83CBB9F71A601CBA00E9B192 /* Project object */ = {
			isa = PBXProject;
			attributes = {
				LastUpgradeCheck = 1210;
				TargetAttributes = {
					00E356ED1AD99517003FC87E = {
						CreatedOnToolsVersion = 6.2;
						TestTargetID = 13B07F861A680F5B00A75B9A;
					};
					13B07F861A680F5B00A75B9A = {
						LastSwiftMigration = 1310;
					};
				};
			};
			buildConfigurationList = 83CBB9FA1A601CBA00E9B192 /* Build configuration list for PBXProject "Paceholder_code" */;
			compatibilityVersion = "Xcode 12.0";
			developmentRegion = en;
			hasScannedForEncodings = 0;
			knownRegions = (
				en,
				Base,
			);
			mainGroup = 83CBB9F61A601CBA00E9B192;
			productRefGroup = 83CBBA001A601CBA00E9B192 /* Products */;
			projectDirPath = "";
			projectRoot = "";
			targets = (
				13B07F861A680F5B00A75B9A /* Paceholder_code */,
				00E356ED1AD99517003FC87E /* Paceholder_codeTests */,
			);
		};
/* End PBXProject section */

/* Begin PBXResourcesBuildPhase section */
		00E356EC1AD99517003FC87E /* Resources */ = {
			isa = PBXResourcesBuildPhase;
			buildActionMask = 2147483647;
			files = (
			);
			runOnlyForDeploymentPostprocessing = 0;
		};
		13B07F8E1A680F5B00A75B9A /* Resources */ = {
			isa = PBXResourcesBuildPhase;
			buildActionMask = 2147483647;
			files = (
				CB28CE0727EBB24F005031D7 /* Cabin-Medium.ttf in Resources */,
				81AB9BB82411601600AC10FF /* LaunchScreen.storyboard in Resources */,
				13B07FBF1A68108700A75B9A /* Images.xcassets in Resources */,
				1C82B99168B241419789BD80 /* RobotoCondensed-Bold.ttf in Resources */,
				E54CC72027F3D42400063CBE /* GoogleService-Info.plist in Resources */,
				1E12A170A8234B08B17B794F /* RobotoCondensed-BoldItalic.ttf in Resources */,
				A0D7FD3DAC904481BCB7CB7D /* RobotoCondensed-Italic.ttf in Resources */,
				86FB10B040F8447ABDDCE926 /* RobotoCondensed-Light.ttf in Resources */,
				D2D7880298584D1EB5416853 /* RobotoCondensed-LightItalic.ttf in Resources */,
				E3510E11A81048A8A03E6CDE /* RobotoCondensed-Regular.ttf in Resources */,
				BA5687522EB74A1F95EA3833 /* AntDesign.ttf in Resources */,
				3EA7AC7CDA2E4750888DF518 /* Entypo.ttf in Resources */,
				E1E699AF250648D1AEBE7C20 /* EvilIcons.ttf in Resources */,
				800A9474806346C097ECB2DF /* Feather.ttf in Resources */,
				89DC0B463E834C3DA8E455C3 /* FontAwesome.ttf in Resources */,
				1778F062DEEF468185BA771E /* FontAwesome5_Brands.ttf in Resources */,
				7B9FB41010BA465E93BB8C15 /* FontAwesome5_Regular.ttf in Resources */,
				5C7C04A4923A4E099696631F /* FontAwesome5_Solid.ttf in Resources */,
				82F287A1D7344DDBAA249AD6 /* Fontisto.ttf in Resources */,
				489A9A0EFEAD4AED9AB8940F /* Foundation.ttf in Resources */,
				A61145438B3B4B8EA93ABCEE /* Ionicons.ttf in Resources */,
				80DEBEC98E984C81984F2141 /* MaterialCommunityIcons.ttf in Resources */,
				888421047C714FA1ABFF291F /* MaterialIcons.ttf in Resources */,
				DD6927EC4A8C455F84530E28 /* Octicons.ttf in Resources */,
				18F4CD3FFA6F45D58EF23714 /* SimpleLineIcons.ttf in Resources */,
				17335939A7804B9B98B116BE /* Zocial.ttf in Resources */,
				E54CC71E27F3D2B100063CBE /* Assets.xcassets in Resources */,
				1C264D7ED7F4455B8F7A59D8 /* Cabin-Regular-Italic.ttf in Resources */,
				C9687FBAFB494960B23CCE7E /* Cabin-Regular.ttf in Resources */,
			);
			runOnlyForDeploymentPostprocessing = 0;
		};
/* End PBXResourcesBuildPhase section */

/* Begin PBXShellScriptBuildPhase section */
		00DD1BFF1BD5951E006B06BC /* Bundle React Native code and images */ = {
			isa = PBXShellScriptBuildPhase;
			buildActionMask = 2147483647;
			files = (
			);
			inputPaths = (
			);
			name = "Bundle React Native code and images";
			outputPaths = (
			);
			runOnlyForDeploymentPostprocessing = 0;
			shellPath = /bin/sh;
			shellScript = "set -e\n\nexport NODE_BINARY=node\n../node_modules/react-native/scripts/react-native-xcode.sh\n";
		};
		0C7C1312B57E1CB4D282E6D3 /* [CP] Check Pods Manifest.lock */ = {
			isa = PBXShellScriptBuildPhase;
			buildActionMask = 2147483647;
			files = (
			);
			inputFileListPaths = (
			);
			inputPaths = (
				"${PODS_PODFILE_DIR_PATH}/Podfile.lock",
				"${PODS_ROOT}/Manifest.lock",
			);
			name = "[CP] Check Pods Manifest.lock";
			outputFileListPaths = (
			);
			outputPaths = (
				"$(DERIVED_FILE_DIR)/Pods-Paceholder_code-Paceholder_codeTests-checkManifestLockResult.txt",
			);
			runOnlyForDeploymentPostprocessing = 0;
			shellPath = /bin/sh;
			shellScript = "diff \"${PODS_PODFILE_DIR_PATH}/Podfile.lock\" \"${PODS_ROOT}/Manifest.lock\" > /dev/null\nif [ $? != 0 ] ; then\n    # print error to STDERR\n    echo \"error: The sandbox is not in sync with the Podfile.lock. Run 'pod install' or update your CocoaPods installation.\" >&2\n    exit 1\nfi\n# This output is used by Xcode 'outputs' to avoid re-running this script phase.\necho \"SUCCESS\" > \"${SCRIPT_OUTPUT_FILE_0}\"\n";
			showEnvVarsInLog = 0;
		};
		1437F36761B00E25E5E3EF49 /* [CP] Copy Pods Resources */ = {
			isa = PBXShellScriptBuildPhase;
			buildActionMask = 2147483647;
			files = (
			);
			inputFileListPaths = (
				"${PODS_ROOT}/Target Support Files/Pods-Paceholder_code-Paceholder_codeTests/Pods-Paceholder_code-Paceholder_codeTests-resources-${CONFIGURATION}-input-files.xcfilelist",
			);
			name = "[CP] Copy Pods Resources";
			outputFileListPaths = (
				"${PODS_ROOT}/Target Support Files/Pods-Paceholder_code-Paceholder_codeTests/Pods-Paceholder_code-Paceholder_codeTests-resources-${CONFIGURATION}-output-files.xcfilelist",
			);
			runOnlyForDeploymentPostprocessing = 0;
			shellPath = /bin/sh;
			shellScript = "\"${PODS_ROOT}/Target Support Files/Pods-Paceholder_code-Paceholder_codeTests/Pods-Paceholder_code-Paceholder_codeTests-resources.sh\"\n";
			showEnvVarsInLog = 0;
		};
		31CD7EB5DA662D24B6891274 /* [CP-User] [RNFB] Core Configuration */ = {
			isa = PBXShellScriptBuildPhase;
			buildActionMask = 2147483647;
			files = (
			);
			inputPaths = (
				"$(BUILT_PRODUCTS_DIR)/$(INFOPLIST_PATH)",
			);
			name = "[CP-User] [RNFB] Core Configuration";
			runOnlyForDeploymentPostprocessing = 0;
			shellPath = /bin/sh;
			shellScript = "#!/usr/bin/env bash\n#\n# Copyright (c) 2016-present Invertase Limited & Contributors\n#\n# Licensed under the Apache License, Version 2.0 (the \"License\");\n# you may not use this library except in compliance with the License.\n# You may obtain a copy of the License at\n#\n#   http://www.apache.org/licenses/LICENSE-2.0\n#\n# Unless required by applicable law or agreed to in writing, software\n# distributed under the License is distributed on an \"AS IS\" BASIS,\n# WITHOUT WARRANTIES OR CONDITIONS OF ANY KIND, either express or implied.\n# See the License for the specific language governing permissions and\n# limitations under the License.\n#\nset -e\n\n_MAX_LOOKUPS=2;\n_SEARCH_RESULT=''\n_RN_ROOT_EXISTS=''\n_CURRENT_LOOKUPS=1\n_JSON_ROOT=\"'react-native'\"\n_JSON_FILE_NAME='firebase.json'\n_JSON_OUTPUT_BASE64='e30=' # { }\n_CURRENT_SEARCH_DIR=${PROJECT_DIR}\n_PLIST_BUDDY=/usr/libexec/PlistBuddy\n_TARGET_PLIST=\"${BUILT_PRODUCTS_DIR}/${INFOPLIST_PATH}\"\n_DSYM_PLIST=\"${DWARF_DSYM_FOLDER_PATH}/${DWARF_DSYM_FILE_NAME}/Contents/Info.plist\"\n\n# plist arrays\n_PLIST_ENTRY_KEYS=()\n_PLIST_ENTRY_TYPES=()\n_PLIST_ENTRY_VALUES=()\n\nfunction setPlistValue {\n  echo \"info:      setting plist entry '$1' of type '$2' in file '$4'\"\n  ${_PLIST_BUDDY} -c \"Add :$1 $2 '$3'\" $4 || echo \"info:      '$1' already exists\"\n}\n\nfunction getFirebaseJsonKeyValue () {\n  if [[ ${_RN_ROOT_EXISTS} ]]; then\n    ruby -e \"require 'rubygems';require 'json'; output=JSON.parse('$1'); puts output[$_JSON_ROOT]['$2']\"\n  else\n    echo \"\"\n  fi;\n}\n\nfunction jsonBoolToYesNo () {\n  if [[ $1 == \"false\" ]]; then\n    echo \"NO\"\n  elif [[ $1 == \"true\" ]]; then\n    echo \"YES\"\n  else echo \"NO\"\n  fi\n}\n\necho \"info: -> RNFB build script started\"\necho \"info: 1) Locating ${_JSON_FILE_NAME} file:\"\n\nif [[ -z ${_CURRENT_SEARCH_DIR} ]]; then\n  _CURRENT_SEARCH_DIR=$(pwd)\nfi;\n\nwhile true; do\n  _CURRENT_SEARCH_DIR=$(dirname \"$_CURRENT_SEARCH_DIR\")\n  if [[ \"$_CURRENT_SEARCH_DIR\" == \"/\" ]] || [[ ${_CURRENT_LOOKUPS} -gt ${_MAX_LOOKUPS} ]]; then break; fi;\n  echo \"info:      ($_CURRENT_LOOKUPS of $_MAX_LOOKUPS) Searching in '$_CURRENT_SEARCH_DIR' for a ${_JSON_FILE_NAME} file.\"\n  _SEARCH_RESULT=$(find \"$_CURRENT_SEARCH_DIR\" -maxdepth 2 -name ${_JSON_FILE_NAME} -print | /usr/bin/head -n 1)\n  if [[ ${_SEARCH_RESULT} ]]; then\n    echo \"info:      ${_JSON_FILE_NAME} found at $_SEARCH_RESULT\"\n    break;\n  fi;\n  _CURRENT_LOOKUPS=$((_CURRENT_LOOKUPS+1))\ndone\n\nif [[ ${_SEARCH_RESULT} ]]; then\n  _JSON_OUTPUT_RAW=$(cat \"${_SEARCH_RESULT}\")\n  _RN_ROOT_EXISTS=$(ruby -e \"require 'rubygems';require 'json'; output=JSON.parse('$_JSON_OUTPUT_RAW'); puts output[$_JSON_ROOT]\" || echo '')\n\n  if [[ ${_RN_ROOT_EXISTS} ]]; then\n    _JSON_OUTPUT_BASE64=$(python -c 'import json,sys,base64;print(base64.b64encode(json.dumps(json.loads(open('\"'${_SEARCH_RESULT}'\"').read())['${_JSON_ROOT}'])))' || echo \"e30=\")\n  fi\n\n  _PLIST_ENTRY_KEYS+=(\"firebase_json_raw\")\n  _PLIST_ENTRY_TYPES+=(\"string\")\n  _PLIST_ENTRY_VALUES+=(\"$_JSON_OUTPUT_BASE64\")\n\n  # config.app_data_collection_default_enabled\n  _APP_DATA_COLLECTION_ENABLED=$(getFirebaseJsonKeyValue \"$_JSON_OUTPUT_RAW\" \"app_data_collection_default_enabled\")\n  if [[ $_APP_DATA_COLLECTION_ENABLED ]]; then\n    _PLIST_ENTRY_KEYS+=(\"FirebaseDataCollectionDefaultEnabled\")\n    _PLIST_ENTRY_TYPES+=(\"bool\")\n    _PLIST_ENTRY_VALUES+=(\"$(jsonBoolToYesNo \"$_APP_DATA_COLLECTION_ENABLED\")\")\n  fi\n\n  # config.analytics_auto_collection_enabled\n  _ANALYTICS_AUTO_COLLECTION=$(getFirebaseJsonKeyValue \"$_JSON_OUTPUT_RAW\" \"analytics_auto_collection_enabled\")\n  if [[ $_ANALYTICS_AUTO_COLLECTION ]]; then\n    _PLIST_ENTRY_KEYS+=(\"FIREBASE_ANALYTICS_COLLECTION_ENABLED\")\n    _PLIST_ENTRY_TYPES+=(\"bool\")\n    _PLIST_ENTRY_VALUES+=(\"$(jsonBoolToYesNo \"$_ANALYTICS_AUTO_COLLECTION\")\")\n  fi\n\n  # config.analytics_collection_deactivated\n  _ANALYTICS_DEACTIVATED=$(getFirebaseJsonKeyValue \"$_JSON_OUTPUT_RAW\" \"analytics_collection_deactivated\")\n  if [[ $_ANALYTICS_DEACTIVATED ]]; then\n    _PLIST_ENTRY_KEYS+=(\"FIREBASE_ANALYTICS_COLLECTION_DEACTIVATED\")\n    _PLIST_ENTRY_TYPES+=(\"bool\")\n    _PLIST_ENTRY_VALUES+=(\"$(jsonBoolToYesNo \"$_ANALYTICS_DEACTIVATED\")\")\n  fi\n\n  # config.analytics_idfv_collection_enabled\n  _ANALYTICS_IDFV_COLLECTION=$(getFirebaseJsonKeyValue \"$_JSON_OUTPUT_RAW\" \"analytics_idfv_collection_enabled\")\n  if [[ $_ANALYTICS_IDFV_COLLECTION ]]; then\n    _PLIST_ENTRY_KEYS+=(\"GOOGLE_ANALYTICS_IDFV_COLLECTION_ENABLED\")\n    _PLIST_ENTRY_TYPES+=(\"bool\")\n    _PLIST_ENTRY_VALUES+=(\"$(jsonBoolToYesNo \"$_ANALYTICS_IDFV_COLLECTION\")\")\n  fi\n\n  # config.analytics_default_allow_ad_personalization_signals\n  _ANALYTICS_PERSONALIZATION=$(getFirebaseJsonKeyValue \"$_JSON_OUTPUT_RAW\" \"analytics_default_allow_ad_personalization_signals\")\n  if [[ $_ANALYTICS_PERSONALIZATION ]]; then\n    _PLIST_ENTRY_KEYS+=(\"GOOGLE_ANALYTICS_DEFAULT_ALLOW_AD_PERSONALIZATION_SIGNALS\")\n    _PLIST_ENTRY_TYPES+=(\"bool\")\n    _PLIST_ENTRY_VALUES+=(\"$(jsonBoolToYesNo \"$_ANALYTICS_PERSONALIZATION\")\")\n  fi\n\n  # config.google_analytics_automatic_screen_reporting_enabled\n  _ANALYTICS_AUTO_SCREEN_REPORTING=$(getFirebaseJsonKeyValue \"$_JSON_OUTPUT_RAW\" \"google_analytics_automatic_screen_reporting_enabled\")\n  if [[ $_ANALYTICS_AUTO_SCREEN_REPORTING ]]; then\n    _PLIST_ENTRY_KEYS+=(\"FirebaseAutomaticScreenReportingEnabled\")\n    _PLIST_ENTRY_TYPES+=(\"bool\")\n    _PLIST_ENTRY_VALUES+=(\"$(jsonBoolToYesNo \"$_ANALYTICS_AUTO_SCREEN_REPORTING\")\")\n  fi\n\n  # config.perf_auto_collection_enabled\n  _PERF_AUTO_COLLECTION=$(getFirebaseJsonKeyValue \"$_JSON_OUTPUT_RAW\" \"perf_auto_collection_enabled\")\n  if [[ $_PERF_AUTO_COLLECTION ]]; then\n    _PLIST_ENTRY_KEYS+=(\"firebase_performance_collection_enabled\")\n    _PLIST_ENTRY_TYPES+=(\"bool\")\n    _PLIST_ENTRY_VALUES+=(\"$(jsonBoolToYesNo \"$_PERF_AUTO_COLLECTION\")\")\n  fi\n\n  # config.perf_collection_deactivated\n  _PERF_DEACTIVATED=$(getFirebaseJsonKeyValue \"$_JSON_OUTPUT_RAW\" \"perf_collection_deactivated\")\n  if [[ $_PERF_DEACTIVATED ]]; then\n    _PLIST_ENTRY_KEYS+=(\"firebase_performance_collection_deactivated\")\n    _PLIST_ENTRY_TYPES+=(\"bool\")\n    _PLIST_ENTRY_VALUES+=(\"$(jsonBoolToYesNo \"$_PERF_DEACTIVATED\")\")\n  fi\n\n  # config.messaging_auto_init_enabled\n  _MESSAGING_AUTO_INIT=$(getFirebaseJsonKeyValue \"$_JSON_OUTPUT_RAW\" \"messaging_auto_init_enabled\")\n  if [[ $_MESSAGING_AUTO_INIT ]]; then\n    _PLIST_ENTRY_KEYS+=(\"FirebaseMessagingAutoInitEnabled\")\n    _PLIST_ENTRY_TYPES+=(\"bool\")\n    _PLIST_ENTRY_VALUES+=(\"$(jsonBoolToYesNo \"$_MESSAGING_AUTO_INIT\")\")\n  fi\n\n  # config.in_app_messaging_auto_colllection_enabled\n  _FIAM_AUTO_INIT=$(getFirebaseJsonKeyValue \"$_JSON_OUTPUT_RAW\" \"in_app_messaging_auto_collection_enabled\")\n  if [[ $_FIAM_AUTO_INIT ]]; then\n    _PLIST_ENTRY_KEYS+=(\"FirebaseInAppMessagingAutomaticDataCollectionEnabled\")\n    _PLIST_ENTRY_TYPES+=(\"bool\")\n    _PLIST_ENTRY_VALUES+=(\"$(jsonBoolToYesNo \"$_FIAM_AUTO_INIT\")\")\n  fi\n\n  # config.app_check_token_auto_refresh\n  _APP_CHECK_TOKEN_AUTO_REFRESH=$(getFirebaseJsonKeyValue \"$_JSON_OUTPUT_RAW\" \"app_check_token_auto_refresh\")\n  if [[ $_APP_CHECK_TOKEN_AUTO_REFRESH ]]; then\n    _PLIST_ENTRY_KEYS+=(\"FirebaseAppCheckTokenAutoRefreshEnabled\")\n    _PLIST_ENTRY_TYPES+=(\"bool\")\n    _PLIST_ENTRY_VALUES+=(\"$(jsonBoolToYesNo \"$_APP_CHECK_TOKEN_AUTO_REFRESH\")\")\n  fi\n\n  # config.crashlytics_disable_auto_disabler - undocumented for now - mainly for debugging, document if becomes useful\n  _CRASHLYTICS_AUTO_DISABLE_ENABLED=$(getFirebaseJsonKeyValue \"$_JSON_OUTPUT_RAW\" \"crashlytics_disable_auto_disabler\")\n  if [[ $_CRASHLYTICS_AUTO_DISABLE_ENABLED == \"true\" ]]; then\n    echo \"Disabled Crashlytics auto disabler.\" # do nothing\n  else\n    _PLIST_ENTRY_KEYS+=(\"FirebaseCrashlyticsCollectionEnabled\")\n    _PLIST_ENTRY_TYPES+=(\"bool\")\n    _PLIST_ENTRY_VALUES+=(\"NO\")\n  fi\nelse\n  _PLIST_ENTRY_KEYS+=(\"firebase_json_raw\")\n  _PLIST_ENTRY_TYPES+=(\"string\")\n  _PLIST_ENTRY_VALUES+=(\"$_JSON_OUTPUT_BASE64\")\n  echo \"warning:   A firebase.json file was not found, whilst this file is optional it is recommended to include it to configure firebase services in React Native Firebase.\"\nfi;\n\necho \"info: 2) Injecting Info.plist entries: \"\n\n# Log out the keys we're adding\nfor i in \"${!_PLIST_ENTRY_KEYS[@]}\"; do\n  echo \"    ->  $i) ${_PLIST_ENTRY_KEYS[$i]}\" \"${_PLIST_ENTRY_TYPES[$i]}\" \"${_PLIST_ENTRY_VALUES[$i]}\"\ndone\n\nfor plist in \"${_TARGET_PLIST}\" \"${_DSYM_PLIST}\" ; do\n  if [[ -f \"${plist}\" ]]; then\n\n    # paths with spaces break the call to setPlistValue. temporarily modify\n    # the shell internal field separator variable (IFS), which normally\n    # includes spaces, to consist only of line breaks\n    oldifs=$IFS\n    IFS=\"\n\"\n\n    for i in \"${!_PLIST_ENTRY_KEYS[@]}\"; do\n      setPlistValue \"${_PLIST_ENTRY_KEYS[$i]}\" \"${_PLIST_ENTRY_TYPES[$i]}\" \"${_PLIST_ENTRY_VALUES[$i]}\" \"${plist}\"\n    done\n\n    # restore the original internal field separator value\n    IFS=$oldifs\n  else\n    echo \"warning:   A Info.plist build output file was not found (${plist})\"\n  fi\ndone\n\necho \"info: <- RNFB build script finished\"\n";
		};
		3FB3595444FF03A78480BE2E /* [CP] Embed Pods Frameworks */ = {
			isa = PBXShellScriptBuildPhase;
			buildActionMask = 2147483647;
			files = (
			);
			inputFileListPaths = (
				"${PODS_ROOT}/Target Support Files/Pods-Paceholder_code-Paceholder_codeTests/Pods-Paceholder_code-Paceholder_codeTests-frameworks-${CONFIGURATION}-input-files.xcfilelist",
			);
			name = "[CP] Embed Pods Frameworks";
			outputFileListPaths = (
				"${PODS_ROOT}/Target Support Files/Pods-Paceholder_code-Paceholder_codeTests/Pods-Paceholder_code-Paceholder_codeTests-frameworks-${CONFIGURATION}-output-files.xcfilelist",
			);
			runOnlyForDeploymentPostprocessing = 0;
			shellPath = /bin/sh;
			shellScript = "\"${PODS_ROOT}/Target Support Files/Pods-Paceholder_code-Paceholder_codeTests/Pods-Paceholder_code-Paceholder_codeTests-frameworks.sh\"\n";
			showEnvVarsInLog = 0;
		};
		4418B1C6B2B9581E7F04E728 /* [CP] Copy Pods Resources */ = {
			isa = PBXShellScriptBuildPhase;
			buildActionMask = 2147483647;
			files = (
			);
			inputFileListPaths = (
				"${PODS_ROOT}/Target Support Files/Pods-Paceholder_code/Pods-Paceholder_code-resources-${CONFIGURATION}-input-files.xcfilelist",
			);
			name = "[CP] Copy Pods Resources";
			outputFileListPaths = (
				"${PODS_ROOT}/Target Support Files/Pods-Paceholder_code/Pods-Paceholder_code-resources-${CONFIGURATION}-output-files.xcfilelist",
			);
			runOnlyForDeploymentPostprocessing = 0;
			shellPath = /bin/sh;
			shellScript = "\"${PODS_ROOT}/Target Support Files/Pods-Paceholder_code/Pods-Paceholder_code-resources.sh\"\n";
			showEnvVarsInLog = 0;
		};
		9A032489B45FCFB0FF82C721 /* [CP] Check Pods Manifest.lock */ = {
			isa = PBXShellScriptBuildPhase;
			buildActionMask = 2147483647;
			files = (
			);
			inputFileListPaths = (
			);
			inputPaths = (
				"${PODS_PODFILE_DIR_PATH}/Podfile.lock",
				"${PODS_ROOT}/Manifest.lock",
			);
			name = "[CP] Check Pods Manifest.lock";
			outputFileListPaths = (
			);
			outputPaths = (
				"$(DERIVED_FILE_DIR)/Pods-Paceholder_code-checkManifestLockResult.txt",
			);
			runOnlyForDeploymentPostprocessing = 0;
			shellPath = /bin/sh;
			shellScript = "diff \"${PODS_PODFILE_DIR_PATH}/Podfile.lock\" \"${PODS_ROOT}/Manifest.lock\" > /dev/null\nif [ $? != 0 ] ; then\n    # print error to STDERR\n    echo \"error: The sandbox is not in sync with the Podfile.lock. Run 'pod install' or update your CocoaPods installation.\" >&2\n    exit 1\nfi\n# This output is used by Xcode 'outputs' to avoid re-running this script phase.\necho \"SUCCESS\" > \"${SCRIPT_OUTPUT_FILE_0}\"\n";
			showEnvVarsInLog = 0;
		};
		E1BF28EC8A30D20929AD1E79 /* [CP] Embed Pods Frameworks */ = {
			isa = PBXShellScriptBuildPhase;
			buildActionMask = 2147483647;
			files = (
			);
			inputFileListPaths = (
				"${PODS_ROOT}/Target Support Files/Pods-Paceholder_code/Pods-Paceholder_code-frameworks-${CONFIGURATION}-input-files.xcfilelist",
			);
			name = "[CP] Embed Pods Frameworks";
			outputFileListPaths = (
				"${PODS_ROOT}/Target Support Files/Pods-Paceholder_code/Pods-Paceholder_code-frameworks-${CONFIGURATION}-output-files.xcfilelist",
			);
			runOnlyForDeploymentPostprocessing = 0;
			shellPath = /bin/sh;
			shellScript = "\"${PODS_ROOT}/Target Support Files/Pods-Paceholder_code/Pods-Paceholder_code-frameworks.sh\"\n";
			showEnvVarsInLog = 0;
		};
		FD10A7F022414F080027D42C /* Start Packager */ = {
			isa = PBXShellScriptBuildPhase;
			buildActionMask = 2147483647;
			files = (
			);
			inputFileListPaths = (
			);
			inputPaths = (
			);
			name = "Start Packager";
			outputFileListPaths = (
			);
			outputPaths = (
			);
			runOnlyForDeploymentPostprocessing = 0;
			shellPath = /bin/sh;
			shellScript = "export RCT_METRO_PORT=\"${RCT_METRO_PORT:=8081}\"\necho \"export RCT_METRO_PORT=${RCT_METRO_PORT}\" > \"${SRCROOT}/../node_modules/react-native/scripts/.packager.env\"\nif [ -z \"${RCT_NO_LAUNCH_PACKAGER+xxx}\" ] ; then\n  if nc -w 5 -z localhost ${RCT_METRO_PORT} ; then\n    if ! curl -s \"http://localhost:${RCT_METRO_PORT}/status\" | grep -q \"packager-status:running\" ; then\n      echo \"Port ${RCT_METRO_PORT} already in use, packager is either not running or not running correctly\"\n      exit 2\n    fi\n  else\n    open \"$SRCROOT/../node_modules/react-native/scripts/launchPackager.command\" || echo \"Can't start packager automatically\"\n  fi\nfi\n";
			showEnvVarsInLog = 0;
		};
/* End PBXShellScriptBuildPhase section */

/* Begin PBXSourcesBuildPhase section */
		00E356EA1AD99517003FC87E /* Sources */ = {
			isa = PBXSourcesBuildPhase;
			buildActionMask = 2147483647;
			files = (
				00E356F31AD99517003FC87E /* Paceholder_codeTests.m in Sources */,
			);
			runOnlyForDeploymentPostprocessing = 0;
		};
		13B07F871A680F5B00A75B9A /* Sources */ = {
			isa = PBXSourcesBuildPhase;
			buildActionMask = 2147483647;
			files = (
				13B07FBC1A68108700A75B9A /* AppDelegate.m in Sources */,
				13B07FC11A68108700A75B9A /* main.m in Sources */,
			);
			runOnlyForDeploymentPostprocessing = 0;
		};
/* End PBXSourcesBuildPhase section */

/* Begin PBXTargetDependency section */
		00E356F51AD99517003FC87E /* PBXTargetDependency */ = {
			isa = PBXTargetDependency;
			target = 13B07F861A680F5B00A75B9A /* Paceholder_code */;
			targetProxy = 00E356F41AD99517003FC87E /* PBXContainerItemProxy */;
		};
/* End PBXTargetDependency section */

/* Begin XCBuildConfiguration section */
		00E356F61AD99517003FC87E /* Debug */ = {
			isa = XCBuildConfiguration;
			baseConfigurationReference = 3ACBE557AF6900082CA35347 /* Pods-Paceholder_code-Paceholder_codeTests.debug.xcconfig */;
			buildSettings = {
				BUNDLE_LOADER = "$(TEST_HOST)";
				GCC_PREPROCESSOR_DEFINITIONS = (
					"DEBUG=1",
					"$(inherited)",
				);
				INFOPLIST_FILE = Paceholder_codeTests/Info.plist;
				IPHONEOS_DEPLOYMENT_TARGET = 11.0;
				LD_RUNPATH_SEARCH_PATHS = (
					"$(inherited)",
					"@executable_path/Frameworks",
					"@loader_path/Frameworks",
				);
				OTHER_LDFLAGS = (
					"-ObjC",
					"-lc++",
					"$(inherited)",
				);
				PRODUCT_BUNDLE_IDENTIFIER = "org.reactjs.native.example.$(PRODUCT_NAME:rfc1034identifier)";
				PRODUCT_NAME = "$(TARGET_NAME)";
				TEST_HOST = "$(BUILT_PRODUCTS_DIR)/Paceholder_code.app/Paceholder_code";
			};
			name = Debug;
		};
		00E356F71AD99517003FC87E /* Release */ = {
			isa = XCBuildConfiguration;
			baseConfigurationReference = 18AFCADD51E95EE2DAD85EA4 /* Pods-Paceholder_code-Paceholder_codeTests.release.xcconfig */;
			buildSettings = {
				BUNDLE_LOADER = "$(TEST_HOST)";
				COPY_PHASE_STRIP = NO;
				INFOPLIST_FILE = Paceholder_codeTests/Info.plist;
				IPHONEOS_DEPLOYMENT_TARGET = 11.0;
				LD_RUNPATH_SEARCH_PATHS = (
					"$(inherited)",
					"@executable_path/Frameworks",
					"@loader_path/Frameworks",
				);
				OTHER_LDFLAGS = (
					"-ObjC",
					"-lc++",
					"$(inherited)",
				);
				PRODUCT_BUNDLE_IDENTIFIER = "org.reactjs.native.example.$(PRODUCT_NAME:rfc1034identifier)";
				PRODUCT_NAME = "$(TARGET_NAME)";
				TEST_HOST = "$(BUILT_PRODUCTS_DIR)/Paceholder_code.app/Paceholder_code";
			};
			name = Release;
		};
		13B07F941A680F5B00A75B9A /* Debug */ = {
			isa = XCBuildConfiguration;
			baseConfigurationReference = CBAAD6146062968598679FA8 /* Pods-Paceholder_code.debug.xcconfig */;
			buildSettings = {
				ASSETCATALOG_COMPILER_APPICON_NAME = AppIcon;
				CLANG_ENABLE_MODULES = YES;
				CURRENT_PROJECT_VERSION = 1;
				DEVELOPMENT_TEAM = 7C7CTX89TS;
				ENABLE_BITCODE = NO;
				INFOPLIST_FILE = Paceholder_code/Info.plist;
				LD_RUNPATH_SEARCH_PATHS = (
					"$(inherited)",
					"@executable_path/Frameworks",
				);
				MARKETING_VERSION = 1.0;
				OTHER_LDFLAGS = (
					"$(inherited)",
					"-ObjC",
					"-lc++",
				);
				PRODUCT_BUNDLE_IDENTIFIER = "org.reactjs.native.example.$(PRODUCT_NAME:rfc1034identifier)";
				PRODUCT_NAME = Paceholder_code;
				SWIFT_OBJC_BRIDGING_HEADER = "Paceholder_code-Bridging-Header.h";
				SWIFT_OPTIMIZATION_LEVEL = "-Onone";
				SWIFT_VERSION = 5.0;
				VERSIONING_SYSTEM = "apple-generic";
			};
			name = Debug;
		};
		13B07F951A680F5B00A75B9A /* Release */ = {
			isa = XCBuildConfiguration;
			baseConfigurationReference = 9BD5D95EE65E3EDC9254F438 /* Pods-Paceholder_code.release.xcconfig */;
			buildSettings = {
				ASSETCATALOG_COMPILER_APPICON_NAME = AppIcon;
				CLANG_ENABLE_MODULES = YES;
				CURRENT_PROJECT_VERSION = 1;
				DEVELOPMENT_TEAM = 7C7CTX89TS;
				INFOPLIST_FILE = Paceholder_code/Info.plist;
				LD_RUNPATH_SEARCH_PATHS = (
					"$(inherited)",
					"@executable_path/Frameworks",
				);
				MARKETING_VERSION = 1.0;
				OTHER_LDFLAGS = (
					"$(inherited)",
					"-ObjC",
					"-lc++",
				);
				PRODUCT_BUNDLE_IDENTIFIER = "org.reactjs.native.example.$(PRODUCT_NAME:rfc1034identifier)";
				PRODUCT_NAME = Paceholder_code;
				SWIFT_OBJC_BRIDGING_HEADER = "Paceholder_code-Bridging-Header.h";
				SWIFT_VERSION = 5.0;
				VERSIONING_SYSTEM = "apple-generic";
			};
			name = Release;
		};
		83CBBA201A601CBA00E9B192 /* Debug */ = {
			isa = XCBuildConfiguration;
			buildSettings = {
				ALWAYS_SEARCH_USER_PATHS = NO;
				CLANG_ANALYZER_LOCALIZABILITY_NONLOCALIZED = YES;
				CLANG_CXX_LANGUAGE_STANDARD = "gnu++0x";
				CLANG_CXX_LIBRARY = "libc++";
				CLANG_ENABLE_MODULES = YES;
				CLANG_ENABLE_OBJC_ARC = YES;
				CLANG_WARN_BLOCK_CAPTURE_AUTORELEASING = YES;
				CLANG_WARN_BOOL_CONVERSION = YES;
				CLANG_WARN_COMMA = YES;
				CLANG_WARN_CONSTANT_CONVERSION = YES;
				CLANG_WARN_DEPRECATED_OBJC_IMPLEMENTATIONS = YES;
				CLANG_WARN_DIRECT_OBJC_ISA_USAGE = YES_ERROR;
				CLANG_WARN_EMPTY_BODY = YES;
				CLANG_WARN_ENUM_CONVERSION = YES;
				CLANG_WARN_INFINITE_RECURSION = YES;
				CLANG_WARN_INT_CONVERSION = YES;
				CLANG_WARN_NON_LITERAL_NULL_CONVERSION = YES;
				CLANG_WARN_OBJC_IMPLICIT_RETAIN_SELF = YES;
				CLANG_WARN_OBJC_LITERAL_CONVERSION = YES;
				CLANG_WARN_OBJC_ROOT_CLASS = YES_ERROR;
				CLANG_WARN_QUOTED_INCLUDE_IN_FRAMEWORK_HEADER = YES;
				CLANG_WARN_RANGE_LOOP_ANALYSIS = YES;
				CLANG_WARN_STRICT_PROTOTYPES = YES;
				CLANG_WARN_SUSPICIOUS_MOVE = YES;
				CLANG_WARN_UNREACHABLE_CODE = YES;
				CLANG_WARN__DUPLICATE_METHOD_MATCH = YES;
				"CODE_SIGN_IDENTITY[sdk=iphoneos*]" = "iPhone Developer";
				COPY_PHASE_STRIP = NO;
				ENABLE_STRICT_OBJC_MSGSEND = YES;
				ENABLE_TESTABILITY = YES;
				"EXCLUDED_ARCHS[sdk=iphonesimulator*]" = "";
				GCC_C_LANGUAGE_STANDARD = gnu99;
				GCC_DYNAMIC_NO_PIC = NO;
				GCC_NO_COMMON_BLOCKS = YES;
				GCC_OPTIMIZATION_LEVEL = 0;
				GCC_PREPROCESSOR_DEFINITIONS = (
					"DEBUG=1",
					"$(inherited)",
				);
				GCC_SYMBOLS_PRIVATE_EXTERN = NO;
				GCC_WARN_64_TO_32_BIT_CONVERSION = YES;
				GCC_WARN_ABOUT_RETURN_TYPE = YES_ERROR;
				GCC_WARN_UNDECLARED_SELECTOR = YES;
				GCC_WARN_UNINITIALIZED_AUTOS = YES_AGGRESSIVE;
				GCC_WARN_UNUSED_FUNCTION = YES;
				GCC_WARN_UNUSED_VARIABLE = YES;
				IPHONEOS_DEPLOYMENT_TARGET = 11.0;
				LD_RUNPATH_SEARCH_PATHS = (
					/usr/lib/swift,
					"$(inherited)",
				);
				LIBRARY_SEARCH_PATHS = (
					"\"$(SDKROOT)/usr/lib/swift\"",
					"\"$(TOOLCHAIN_DIR)/usr/lib/swift/$(PLATFORM_NAME)\"",
					"\"$(inherited)\"",
				);
				MTL_ENABLE_DEBUG_INFO = YES;
				ONLY_ACTIVE_ARCH = YES;
				SDKROOT = iphoneos;
			};
			name = Debug;
		};
		83CBBA211A601CBA00E9B192 /* Release */ = {
			isa = XCBuildConfiguration;
			buildSettings = {
				ALWAYS_SEARCH_USER_PATHS = NO;
				CLANG_ANALYZER_LOCALIZABILITY_NONLOCALIZED = YES;
				CLANG_CXX_LANGUAGE_STANDARD = "gnu++0x";
				CLANG_CXX_LIBRARY = "libc++";
				CLANG_ENABLE_MODULES = YES;
				CLANG_ENABLE_OBJC_ARC = YES;
				CLANG_WARN_BLOCK_CAPTURE_AUTORELEASING = YES;
				CLANG_WARN_BOOL_CONVERSION = YES;
				CLANG_WARN_COMMA = YES;
				CLANG_WARN_CONSTANT_CONVERSION = YES;
				CLANG_WARN_DEPRECATED_OBJC_IMPLEMENTATIONS = YES;
				CLANG_WARN_DIRECT_OBJC_ISA_USAGE = YES_ERROR;
				CLANG_WARN_EMPTY_BODY = YES;
				CLANG_WARN_ENUM_CONVERSION = YES;
				CLANG_WARN_INFINITE_RECURSION = YES;
				CLANG_WARN_INT_CONVERSION = YES;
				CLANG_WARN_NON_LITERAL_NULL_CONVERSION = YES;
				CLANG_WARN_OBJC_IMPLICIT_RETAIN_SELF = YES;
				CLANG_WARN_OBJC_LITERAL_CONVERSION = YES;
				CLANG_WARN_OBJC_ROOT_CLASS = YES_ERROR;
				CLANG_WARN_QUOTED_INCLUDE_IN_FRAMEWORK_HEADER = YES;
				CLANG_WARN_RANGE_LOOP_ANALYSIS = YES;
				CLANG_WARN_STRICT_PROTOTYPES = YES;
				CLANG_WARN_SUSPICIOUS_MOVE = YES;
				CLANG_WARN_UNREACHABLE_CODE = YES;
				CLANG_WARN__DUPLICATE_METHOD_MATCH = YES;
				"CODE_SIGN_IDENTITY[sdk=iphoneos*]" = "iPhone Developer";
				COPY_PHASE_STRIP = YES;
				ENABLE_NS_ASSERTIONS = NO;
				ENABLE_STRICT_OBJC_MSGSEND = YES;
				"EXCLUDED_ARCHS[sdk=iphonesimulator*]" = "";
				GCC_C_LANGUAGE_STANDARD = gnu99;
				GCC_NO_COMMON_BLOCKS = YES;
				GCC_WARN_64_TO_32_BIT_CONVERSION = YES;
				GCC_WARN_ABOUT_RETURN_TYPE = YES_ERROR;
				GCC_WARN_UNDECLARED_SELECTOR = YES;
				GCC_WARN_UNINITIALIZED_AUTOS = YES_AGGRESSIVE;
				GCC_WARN_UNUSED_FUNCTION = YES;
				GCC_WARN_UNUSED_VARIABLE = YES;
				IPHONEOS_DEPLOYMENT_TARGET = 11.0;
				LD_RUNPATH_SEARCH_PATHS = (
					/usr/lib/swift,
					"$(inherited)",
				);
				LIBRARY_SEARCH_PATHS = (
					"\"$(SDKROOT)/usr/lib/swift\"",
					"\"$(TOOLCHAIN_DIR)/usr/lib/swift/$(PLATFORM_NAME)\"",
					"\"$(inherited)\"",
				);
				MTL_ENABLE_DEBUG_INFO = NO;
				SDKROOT = iphoneos;
				VALIDATE_PRODUCT = YES;
			};
			name = Release;
		};
/* End XCBuildConfiguration section */

/* Begin XCConfigurationList section */
		00E357021AD99517003FC87E /* Build configuration list for PBXNativeTarget "Paceholder_codeTests" */ = {
			isa = XCConfigurationList;
			buildConfigurations = (
				00E356F61AD99517003FC87E /* Debug */,
				00E356F71AD99517003FC87E /* Release */,
			);
			defaultConfigurationIsVisible = 0;
			defaultConfigurationName = Release;
		};
		13B07F931A680F5B00A75B9A /* Build configuration list for PBXNativeTarget "Paceholder_code" */ = {
			isa = XCConfigurationList;
			buildConfigurations = (
				13B07F941A680F5B00A75B9A /* Debug */,
				13B07F951A680F5B00A75B9A /* Release */,
			);
			defaultConfigurationIsVisible = 0;
			defaultConfigurationName = Release;
		};
		83CBB9FA1A601CBA00E9B192 /* Build configuration list for PBXProject "Paceholder_code" */ = {
			isa = XCConfigurationList;
			buildConfigurations = (
				83CBBA201A601CBA00E9B192 /* Debug */,
				83CBBA211A601CBA00E9B192 /* Release */,
			);
			defaultConfigurationIsVisible = 0;
			defaultConfigurationName = Release;
		};
/* End XCConfigurationList section */
	};
	rootObject = 83CBB9F71A601CBA00E9B192 /* Project object */;
}
